// !$*UTF8*$!
{
	archiveVersion = 1;
	classes = {
	};
	objectVersion = 46;
	objects = {

/* Begin PBXBuildFile section */
		DF46A64C1B673A6B003A3B0E /* WechatAccess.m in Sources */ = {isa = PBXBuildFile; fileRef = DF46A64A1B673A6B003A3B0E /* WechatAccess.m */; };
		DF46A6821B675177003A3B0E /* AFHTTPRequestOperation.m in Sources */ = {isa = PBXBuildFile; fileRef = DF46A6701B675177003A3B0E /* AFHTTPRequestOperation.m */; };
		DF46A6831B675177003A3B0E /* AFHTTPRequestOperationManager.m in Sources */ = {isa = PBXBuildFile; fileRef = DF46A6721B675177003A3B0E /* AFHTTPRequestOperationManager.m */; };
		DF46A6841B675177003A3B0E /* AFHTTPSessionManager.m in Sources */ = {isa = PBXBuildFile; fileRef = DF46A6741B675177003A3B0E /* AFHTTPSessionManager.m */; };
		DF46A6851B675177003A3B0E /* AFNetworkReachabilityManager.m in Sources */ = {isa = PBXBuildFile; fileRef = DF46A6771B675177003A3B0E /* AFNetworkReachabilityManager.m */; };
		DF46A6861B675177003A3B0E /* AFSecurityPolicy.m in Sources */ = {isa = PBXBuildFile; fileRef = DF46A6791B675177003A3B0E /* AFSecurityPolicy.m */; };
		DF46A6871B675177003A3B0E /* AFURLConnectionOperation.m in Sources */ = {isa = PBXBuildFile; fileRef = DF46A67B1B675177003A3B0E /* AFURLConnectionOperation.m */; };
		DF46A6881B675177003A3B0E /* AFURLRequestSerialization.m in Sources */ = {isa = PBXBuildFile; fileRef = DF46A67D1B675177003A3B0E /* AFURLRequestSerialization.m */; };
		DF46A6891B675177003A3B0E /* AFURLResponseSerialization.m in Sources */ = {isa = PBXBuildFile; fileRef = DF46A67F1B675177003A3B0E /* AFURLResponseSerialization.m */; };
		DF46A68A1B675177003A3B0E /* AFURLSessionManager.m in Sources */ = {isa = PBXBuildFile; fileRef = DF46A6811B675177003A3B0E /* AFURLSessionManager.m */; };
		DF53E30F1B67389E00738E06 /* main.m in Sources */ = {isa = PBXBuildFile; fileRef = DF53E30E1B67389E00738E06 /* main.m */; };
		DF53E3121B67389E00738E06 /* AppDelegate.m in Sources */ = {isa = PBXBuildFile; fileRef = DF53E3111B67389E00738E06 /* AppDelegate.m */; };
		DF53E3151B67389E00738E06 /* ViewController.m in Sources */ = {isa = PBXBuildFile; fileRef = DF53E3141B67389E00738E06 /* ViewController.m */; };
		DF53E3181B67389E00738E06 /* Main.storyboard in Resources */ = {isa = PBXBuildFile; fileRef = DF53E3161B67389E00738E06 /* Main.storyboard */; };
		DF53E31A1B67389E00738E06 /* Images.xcassets in Resources */ = {isa = PBXBuildFile; fileRef = DF53E3191B67389E00738E06 /* Images.xcassets */; };
		DF53E31D1B67389E00738E06 /* LaunchScreen.xib in Resources */ = {isa = PBXBuildFile; fileRef = DF53E31B1B67389E00738E06 /* LaunchScreen.xib */; };
		DF53E3291B67389E00738E06 /* Wechat_OAuthTests.m in Sources */ = {isa = PBXBuildFile; fileRef = DF53E3281B67389E00738E06 /* Wechat_OAuthTests.m */; };
		DFF805601B673A3900DFFFFD /* libWeChatSDK.a in Frameworks */ = {isa = PBXBuildFile; fileRef = DFF8055D1B673A3800DFFFFD /* libWeChatSDK.a */; };
/* End PBXBuildFile section */

/* Begin PBXContainerItemProxy section */
		DF53E3231B67389E00738E06 /* PBXContainerItemProxy */ = {
			isa = PBXContainerItemProxy;
			containerPortal = DF53E3011B67389E00738E06 /* Project object */;
			proxyType = 1;
			remoteGlobalIDString = DF53E3081B67389E00738E06;
			remoteInfo = "Wechat-OAuth";
		};
/* End PBXContainerItemProxy section */

/* Begin PBXFileReference section */
		DF46A64A1B673A6B003A3B0E /* WechatAccess.m */ = {isa = PBXFileReference; fileEncoding = 4; lastKnownFileType = sourcecode.c.objc; path = WechatAccess.m; sourceTree = "<group>"; };
		DF46A64B1B673A6B003A3B0E /* WechatAccess.h */ = {isa = PBXFileReference; fileEncoding = 4; lastKnownFileType = sourcecode.c.h; path = WechatAccess.h; sourceTree = "<group>"; };
		DF46A66F1B675177003A3B0E /* AFHTTPRequestOperation.h */ = {isa = PBXFileReference; fileEncoding = 4; lastKnownFileType = sourcecode.c.h; path = AFHTTPRequestOperation.h; sourceTree = "<group>"; };
		DF46A6701B675177003A3B0E /* AFHTTPRequestOperation.m */ = {isa = PBXFileReference; fileEncoding = 4; lastKnownFileType = sourcecode.c.objc; path = AFHTTPRequestOperation.m; sourceTree = "<group>"; };
		DF46A6711B675177003A3B0E /* AFHTTPRequestOperationManager.h */ = {isa = PBXFileReference; fileEncoding = 4; lastKnownFileType = sourcecode.c.h; path = AFHTTPRequestOperationManager.h; sourceTree = "<group>"; };
		DF46A6721B675177003A3B0E /* AFHTTPRequestOperationManager.m */ = {isa = PBXFileReference; fileEncoding = 4; lastKnownFileType = sourcecode.c.objc; path = AFHTTPRequestOperationManager.m; sourceTree = "<group>"; };
		DF46A6731B675177003A3B0E /* AFHTTPSessionManager.h */ = {isa = PBXFileReference; fileEncoding = 4; lastKnownFileType = sourcecode.c.h; path = AFHTTPSessionManager.h; sourceTree = "<group>"; };
		DF46A6741B675177003A3B0E /* AFHTTPSessionManager.m */ = {isa = PBXFileReference; fileEncoding = 4; lastKnownFileType = sourcecode.c.objc; path = AFHTTPSessionManager.m; sourceTree = "<group>"; };
		DF46A6751B675177003A3B0E /* AFNetworking.h */ = {isa = PBXFileReference; fileEncoding = 4; lastKnownFileType = sourcecode.c.h; path = AFNetworking.h; sourceTree = "<group>"; };
		DF46A6761B675177003A3B0E /* AFNetworkReachabilityManager.h */ = {isa = PBXFileReference; fileEncoding = 4; lastKnownFileType = sourcecode.c.h; path = AFNetworkReachabilityManager.h; sourceTree = "<group>"; };
		DF46A6771B675177003A3B0E /* AFNetworkReachabilityManager.m */ = {isa = PBXFileReference; fileEncoding = 4; lastKnownFileType = sourcecode.c.objc; path = AFNetworkReachabilityManager.m; sourceTree = "<group>"; };
		DF46A6781B675177003A3B0E /* AFSecurityPolicy.h */ = {isa = PBXFileReference; fileEncoding = 4; lastKnownFileType = sourcecode.c.h; path = AFSecurityPolicy.h; sourceTree = "<group>"; };
		DF46A6791B675177003A3B0E /* AFSecurityPolicy.m */ = {isa = PBXFileReference; fileEncoding = 4; lastKnownFileType = sourcecode.c.objc; path = AFSecurityPolicy.m; sourceTree = "<group>"; };
		DF46A67A1B675177003A3B0E /* AFURLConnectionOperation.h */ = {isa = PBXFileReference; fileEncoding = 4; lastKnownFileType = sourcecode.c.h; path = AFURLConnectionOperation.h; sourceTree = "<group>"; };
		DF46A67B1B675177003A3B0E /* AFURLConnectionOperation.m */ = {isa = PBXFileReference; fileEncoding = 4; lastKnownFileType = sourcecode.c.objc; path = AFURLConnectionOperation.m; sourceTree = "<group>"; };
		DF46A67C1B675177003A3B0E /* AFURLRequestSerialization.h */ = {isa = PBXFileReference; fileEncoding = 4; lastKnownFileType = sourcecode.c.h; path = AFURLRequestSerialization.h; sourceTree = "<group>"; };
		DF46A67D1B675177003A3B0E /* AFURLRequestSerialization.m */ = {isa = PBXFileReference; fileEncoding = 4; lastKnownFileType = sourcecode.c.objc; path = AFURLRequestSerialization.m; sourceTree = "<group>"; };
		DF46A67E1B675177003A3B0E /* AFURLResponseSerialization.h */ = {isa = PBXFileReference; fileEncoding = 4; lastKnownFileType = sourcecode.c.h; path = AFURLResponseSerialization.h; sourceTree = "<group>"; };
		DF46A67F1B675177003A3B0E /* AFURLResponseSerialization.m */ = {isa = PBXFileReference; fileEncoding = 4; lastKnownFileType = sourcecode.c.objc; path = AFURLResponseSerialization.m; sourceTree = "<group>"; };
		DF46A6801B675177003A3B0E /* AFURLSessionManager.h */ = {isa = PBXFileReference; fileEncoding = 4; lastKnownFileType = sourcecode.c.h; path = AFURLSessionManager.h; sourceTree = "<group>"; };
		DF46A6811B675177003A3B0E /* AFURLSessionManager.m */ = {isa = PBXFileReference; fileEncoding = 4; lastKnownFileType = sourcecode.c.objc; path = AFURLSessionManager.m; sourceTree = "<group>"; };
		DF53E3091B67389E00738E06 /* Wechat-OAuth.app */ = {isa = PBXFileReference; explicitFileType = wrapper.application; includeInIndex = 0; path = "Wechat-OAuth.app"; sourceTree = BUILT_PRODUCTS_DIR; };
		DF53E30D1B67389E00738E06 /* Info.plist */ = {isa = PBXFileReference; lastKnownFileType = text.plist.xml; path = Info.plist; sourceTree = "<group>"; };
		DF53E30E1B67389E00738E06 /* main.m */ = {isa = PBXFileReference; lastKnownFileType = sourcecode.c.objc; path = main.m; sourceTree = "<group>"; };
		DF53E3101B67389E00738E06 /* AppDelegate.h */ = {isa = PBXFileReference; lastKnownFileType = sourcecode.c.h; path = AppDelegate.h; sourceTree = "<group>"; };
		DF53E3111B67389E00738E06 /* AppDelegate.m */ = {isa = PBXFileReference; lastKnownFileType = sourcecode.c.objc; path = AppDelegate.m; sourceTree = "<group>"; };
		DF53E3131B67389E00738E06 /* ViewController.h */ = {isa = PBXFileReference; lastKnownFileType = sourcecode.c.h; path = ViewController.h; sourceTree = "<group>"; };
		DF53E3141B67389E00738E06 /* ViewController.m */ = {isa = PBXFileReference; lastKnownFileType = sourcecode.c.objc; path = ViewController.m; sourceTree = "<group>"; };
		DF53E3171B67389E00738E06 /* Base */ = {isa = PBXFileReference; lastKnownFileType = file.storyboard; name = Base; path = Base.lproj/Main.storyboard; sourceTree = "<group>"; };
		DF53E3191B67389E00738E06 /* Images.xcassets */ = {isa = PBXFileReference; lastKnownFileType = folder.assetcatalog; path = Images.xcassets; sourceTree = "<group>"; };
		DF53E31C1B67389E00738E06 /* Base */ = {isa = PBXFileReference; lastKnownFileType = file.xib; name = Base; path = Base.lproj/LaunchScreen.xib; sourceTree = "<group>"; };
		DF53E3221B67389E00738E06 /* Wechat-OAuthTests.xctest */ = {isa = PBXFileReference; explicitFileType = wrapper.cfbundle; includeInIndex = 0; path = "Wechat-OAuthTests.xctest"; sourceTree = BUILT_PRODUCTS_DIR; };
		DF53E3271B67389E00738E06 /* Info.plist */ = {isa = PBXFileReference; lastKnownFileType = text.plist.xml; path = Info.plist; sourceTree = "<group>"; };
		DF53E3281B67389E00738E06 /* Wechat_OAuthTests.m */ = {isa = PBXFileReference; lastKnownFileType = sourcecode.c.objc; path = Wechat_OAuthTests.m; sourceTree = "<group>"; };
		DFF8055D1B673A3800DFFFFD /* libWeChatSDK.a */ = {isa = PBXFileReference; lastKnownFileType = archive.ar; path = libWeChatSDK.a; sourceTree = "<group>"; };
		DFF8055E1B673A3800DFFFFD /* WXApi.h */ = {isa = PBXFileReference; fileEncoding = 4; lastKnownFileType = sourcecode.c.h; path = WXApi.h; sourceTree = "<group>"; };
		DFF8055F1B673A3800DFFFFD /* WXApiObject.h */ = {isa = PBXFileReference; fileEncoding = 4; lastKnownFileType = sourcecode.c.h; path = WXApiObject.h; sourceTree = "<group>"; };
/* End PBXFileReference section */

/* Begin PBXFrameworksBuildPhase section */
		DF53E3061B67389E00738E06 /* Frameworks */ = {
			isa = PBXFrameworksBuildPhase;
			buildActionMask = 2147483647;
			files = (
				DFF805601B673A3900DFFFFD /* libWeChatSDK.a in Frameworks */,
			);
			runOnlyForDeploymentPostprocessing = 0;
		};
		DF53E31F1B67389E00738E06 /* Frameworks */ = {
			isa = PBXFrameworksBuildPhase;
			buildActionMask = 2147483647;
			files = (
			);
			runOnlyForDeploymentPostprocessing = 0;
		};
/* End PBXFrameworksBuildPhase section */

/* Begin PBXGroup section */
		DF46A66E1B675177003A3B0E /* AFNetworking */ = {
			isa = PBXGroup;
			children = (
				DF46A66F1B675177003A3B0E /* AFHTTPRequestOperation.h */,
				DF46A6701B675177003A3B0E /* AFHTTPRequestOperation.m */,
				DF46A6711B675177003A3B0E /* AFHTTPRequestOperationManager.h */,
				DF46A6721B675177003A3B0E /* AFHTTPRequestOperationManager.m */,
				DF46A6731B675177003A3B0E /* AFHTTPSessionManager.h */,
				DF46A6741B675177003A3B0E /* AFHTTPSessionManager.m */,
				DF46A6751B675177003A3B0E /* AFNetworking.h */,
				DF46A6761B675177003A3B0E /* AFNetworkReachabilityManager.h */,
				DF46A6771B675177003A3B0E /* AFNetworkReachabilityManager.m */,
				DF46A6781B675177003A3B0E /* AFSecurityPolicy.h */,
				DF46A6791B675177003A3B0E /* AFSecurityPolicy.m */,
				DF46A67A1B675177003A3B0E /* AFURLConnectionOperation.h */,
				DF46A67B1B675177003A3B0E /* AFURLConnectionOperation.m */,
				DF46A67C1B675177003A3B0E /* AFURLRequestSerialization.h */,
				DF46A67D1B675177003A3B0E /* AFURLRequestSerialization.m */,
				DF46A67E1B675177003A3B0E /* AFURLResponseSerialization.h */,
				DF46A67F1B675177003A3B0E /* AFURLResponseSerialization.m */,
				DF46A6801B675177003A3B0E /* AFURLSessionManager.h */,
				DF46A6811B675177003A3B0E /* AFURLSessionManager.m */,
			);
			name = AFNetworking;
			path = Vendor/AFNetworking/AFNetworking;
			sourceTree = "<group>";
		};
		DF53E3001B67389E00738E06 = {
			isa = PBXGroup;
			children = (
				DF46A66E1B675177003A3B0E /* AFNetworking */,
				DFF8055C1B673A3800DFFFFD /* SDKExport */,
				DF53E30B1B67389E00738E06 /* Wechat-OAuth */,
				DF53E3251B67389E00738E06 /* Wechat-OAuthTests */,
				DF53E30A1B67389E00738E06 /* Products */,
			);
			sourceTree = "<group>";
		};
		DF53E30A1B67389E00738E06 /* Products */ = {
			isa = PBXGroup;
			children = (
				DF53E3091B67389E00738E06 /* Wechat-OAuth.app */,
				DF53E3221B67389E00738E06 /* Wechat-OAuthTests.xctest */,
			);
			name = Products;
			sourceTree = "<group>";
		};
		DF53E30B1B67389E00738E06 /* Wechat-OAuth */ = {
			isa = PBXGroup;
			children = (
				DF46A64B1B673A6B003A3B0E /* WechatAccess.h */,
				DF46A64A1B673A6B003A3B0E /* WechatAccess.m */,
				DF53E3101B67389E00738E06 /* AppDelegate.h */,
				DF53E3111B67389E00738E06 /* AppDelegate.m */,
				DF53E3131B67389E00738E06 /* ViewController.h */,
				DF53E3141B67389E00738E06 /* ViewController.m */,
				DF53E3161B67389E00738E06 /* Main.storyboard */,
				DF53E3191B67389E00738E06 /* Images.xcassets */,
				DF53E31B1B67389E00738E06 /* LaunchScreen.xib */,
				DF53E30C1B67389E00738E06 /* Supporting Files */,
			);
			path = "Wechat-OAuth";
			sourceTree = "<group>";
		};
		DF53E30C1B67389E00738E06 /* Supporting Files */ = {
			isa = PBXGroup;
			children = (
				DF53E30D1B67389E00738E06 /* Info.plist */,
				DF53E30E1B67389E00738E06 /* main.m */,
			);
			name = "Supporting Files";
			sourceTree = "<group>";
		};
		DF53E3251B67389E00738E06 /* Wechat-OAuthTests */ = {
			isa = PBXGroup;
			children = (
				DF53E3281B67389E00738E06 /* Wechat_OAuthTests.m */,
				DF53E3261B67389E00738E06 /* Supporting Files */,
			);
			path = "Wechat-OAuthTests";
			sourceTree = "<group>";
		};
		DF53E3261B67389E00738E06 /* Supporting Files */ = {
			isa = PBXGroup;
			children = (
				DF53E3271B67389E00738E06 /* Info.plist */,
			);
			name = "Supporting Files";
			sourceTree = "<group>";
		};
		DFF8055C1B673A3800DFFFFD /* SDKExport */ = {
			isa = PBXGroup;
			children = (
				DFF8055D1B673A3800DFFFFD /* libWeChatSDK.a */,
				DFF8055E1B673A3800DFFFFD /* WXApi.h */,
				DFF8055F1B673A3800DFFFFD /* WXApiObject.h */,
			);
			path = SDKExport;
			sourceTree = "<group>";
		};
/* End PBXGroup section */

/* Begin PBXNativeTarget section */
		DF53E3081B67389E00738E06 /* Wechat-OAuth */ = {
			isa = PBXNativeTarget;
			buildConfigurationList = DF53E32C1B67389E00738E06 /* Build configuration list for PBXNativeTarget "Wechat-OAuth" */;
			buildPhases = (
				DF53E3051B67389E00738E06 /* Sources */,
				DF53E3061B67389E00738E06 /* Frameworks */,
				DF53E3071B67389E00738E06 /* Resources */,
			);
			buildRules = (
			);
			dependencies = (
			);
			name = "Wechat-OAuth";
			productName = "Wechat-OAuth";
			productReference = DF53E3091B67389E00738E06 /* Wechat-OAuth.app */;
			productType = "com.apple.product-type.application";
		};
		DF53E3211B67389E00738E06 /* Wechat-OAuthTests */ = {
			isa = PBXNativeTarget;
			buildConfigurationList = DF53E32F1B67389E00738E06 /* Build configuration list for PBXNativeTarget "Wechat-OAuthTests" */;
			buildPhases = (
				DF53E31E1B67389E00738E06 /* Sources */,
				DF53E31F1B67389E00738E06 /* Frameworks */,
				DF53E3201B67389E00738E06 /* Resources */,
			);
			buildRules = (
			);
			dependencies = (
				DF53E3241B67389E00738E06 /* PBXTargetDependency */,
			);
			name = "Wechat-OAuthTests";
			productName = "Wechat-OAuthTests";
			productReference = DF53E3221B67389E00738E06 /* Wechat-OAuthTests.xctest */;
			productType = "com.apple.product-type.bundle.unit-test";
		};
/* End PBXNativeTarget section */

/* Begin PBXProject section */
		DF53E3011B67389E00738E06 /* Project object */ = {
			isa = PBXProject;
			attributes = {
				LastUpgradeCheck = 0640;
				ORGANIZATIONNAME = Dwarven;
				TargetAttributes = {
					DF53E3081B67389E00738E06 = {
						CreatedOnToolsVersion = 6.4;
					};
					DF53E3211B67389E00738E06 = {
						CreatedOnToolsVersion = 6.4;
						TestTargetID = DF53E3081B67389E00738E06;
					};
				};
			};
			buildConfigurationList = DF53E3041B67389E00738E06 /* Build configuration list for PBXProject "Wechat-OAuth" */;
			compatibilityVersion = "Xcode 3.2";
			developmentRegion = English;
			hasScannedForEncodings = 0;
			knownRegions = (
				en,
				Base,
			);
			mainGroup = DF53E3001B67389E00738E06;
			productRefGroup = DF53E30A1B67389E00738E06 /* Products */;
			projectDirPath = "";
			projectRoot = "";
			targets = (
				DF53E3081B67389E00738E06 /* Wechat-OAuth */,
				DF53E3211B67389E00738E06 /* Wechat-OAuthTests */,
			);
		};
/* End PBXProject section */

/* Begin PBXResourcesBuildPhase section */
		DF53E3071B67389E00738E06 /* Resources */ = {
			isa = PBXResourcesBuildPhase;
			buildActionMask = 2147483647;
			files = (
				DF53E3181B67389E00738E06 /* Main.storyboard in Resources */,
				DF53E31D1B67389E00738E06 /* LaunchScreen.xib in Resources */,
				DF53E31A1B67389E00738E06 /* Images.xcassets in Resources */,
			);
			runOnlyForDeploymentPostprocessing = 0;
		};
		DF53E3201B67389E00738E06 /* Resources */ = {
			isa = PBXResourcesBuildPhase;
			buildActionMask = 2147483647;
			files = (
			);
			runOnlyForDeploymentPostprocessing = 0;
		};
/* End PBXResourcesBuildPhase section */

/* Begin PBXSourcesBuildPhase section */
		DF53E3051B67389E00738E06 /* Sources */ = {
			isa = PBXSourcesBuildPhase;
			buildActionMask = 2147483647;
			files = (
				DF53E3151B67389E00738E06 /* ViewController.m in Sources */,
				DF46A6861B675177003A3B0E /* AFSecurityPolicy.m in Sources */,
				DF53E3121B67389E00738E06 /* AppDelegate.m in Sources */,
				DF46A6831B675177003A3B0E /* AFHTTPRequestOperationManager.m in Sources */,
				DF46A6871B675177003A3B0E /* AFURLConnectionOperation.m in Sources */,
				DF46A6821B675177003A3B0E /* AFHTTPRequestOperation.m in Sources */,
				DF53E30F1B67389E00738E06 /* main.m in Sources */,
				DF46A6881B675177003A3B0E /* AFURLRequestSerialization.m in Sources */,
				DF46A6841B675177003A3B0E /* AFHTTPSessionManager.m in Sources */,
				DF46A6851B675177003A3B0E /* AFNetworkReachabilityManager.m in Sources */,
				DF46A6891B675177003A3B0E /* AFURLResponseSerialization.m in Sources */,
				DF46A68A1B675177003A3B0E /* AFURLSessionManager.m in Sources */,
				DF46A64C1B673A6B003A3B0E /* WechatAccess.m in Sources */,
			);
			runOnlyForDeploymentPostprocessing = 0;
		};
		DF53E31E1B67389E00738E06 /* Sources */ = {
			isa = PBXSourcesBuildPhase;
			buildActionMask = 2147483647;
			files = (
				DF53E3291B67389E00738E06 /* Wechat_OAuthTests.m in Sources */,
			);
			runOnlyForDeploymentPostprocessing = 0;
		};
/* End PBXSourcesBuildPhase section */

/* Begin PBXTargetDependency section */
		DF53E3241B67389E00738E06 /* PBXTargetDependency */ = {
			isa = PBXTargetDependency;
			target = DF53E3081B67389E00738E06 /* Wechat-OAuth */;
			targetProxy = DF53E3231B67389E00738E06 /* PBXContainerItemProxy */;
		};
/* End PBXTargetDependency section */

/* Begin PBXVariantGroup section */
		DF53E3161B67389E00738E06 /* Main.storyboard */ = {
			isa = PBXVariantGroup;
			children = (
				DF53E3171B67389E00738E06 /* Base */,
			);
			name = Main.storyboard;
			sourceTree = "<group>";
		};
		DF53E31B1B67389E00738E06 /* LaunchScreen.xib */ = {
			isa = PBXVariantGroup;
			children = (
				DF53E31C1B67389E00738E06 /* Base */,
			);
			name = LaunchScreen.xib;
			sourceTree = "<group>";
		};
/* End PBXVariantGroup section */

/* Begin XCBuildConfiguration section */
		DF53E32A1B67389E00738E06 /* Debug */ = {
			isa = XCBuildConfiguration;
			buildSettings = {
				ALWAYS_SEARCH_USER_PATHS = NO;
				CLANG_CXX_LANGUAGE_STANDARD = "gnu++0x";
				CLANG_CXX_LIBRARY = "libc++";
				CLANG_ENABLE_MODULES = YES;
				CLANG_ENABLE_OBJC_ARC = YES;
				CLANG_WARN_BOOL_CONVERSION = YES;
				CLANG_WARN_CONSTANT_CONVERSION = YES;
				CLANG_WARN_DIRECT_OBJC_ISA_USAGE = YES_ERROR;
				CLANG_WARN_EMPTY_BODY = YES;
				CLANG_WARN_ENUM_CONVERSION = YES;
				CLANG_WARN_INT_CONVERSION = YES;
				CLANG_WARN_OBJC_ROOT_CLASS = YES_ERROR;
				CLANG_WARN_UNREACHABLE_CODE = YES;
				CLANG_WARN__DUPLICATE_METHOD_MATCH = YES;
				"CODE_SIGN_IDENTITY[sdk=iphoneos*]" = "iPhone Developer";
				COPY_PHASE_STRIP = NO;
				DEBUG_INFORMATION_FORMAT = "dwarf-with-dsym";
				ENABLE_STRICT_OBJC_MSGSEND = YES;
				GCC_C_LANGUAGE_STANDARD = gnu99;
				GCC_DYNAMIC_NO_PIC = NO;
				GCC_NO_COMMON_BLOCKS = YES;
				GCC_OPTIMIZATION_LEVEL = 0;
				GCC_PREPROCESSOR_DEFINITIONS = (
					"DEBUG=1",
					"$(inherited)",
				);
				GCC_SYMBOLS_PRIVATE_EXTERN = NO;
				GCC_WARN_64_TO_32_BIT_CONVERSION = YES;
				GCC_WARN_ABOUT_RETURN_TYPE = YES_ERROR;
				GCC_WARN_UNDECLARED_SELECTOR = YES;
				GCC_WARN_UNINITIALIZED_AUTOS = YES_AGGRESSIVE;
				GCC_WARN_UNUSED_FUNCTION = YES;
				GCC_WARN_UNUSED_VARIABLE = YES;
				IPHONEOS_DEPLOYMENT_TARGET = 7.0;
				MTL_ENABLE_DEBUG_INFO = YES;
				ONLY_ACTIVE_ARCH = YES;
				SDKROOT = iphoneos;
			};
			name = Debug;
		};
		DF53E32B1B67389E00738E06 /* Release */ = {
			isa = XCBuildConfiguration;
			buildSettings = {
				ALWAYS_SEARCH_USER_PATHS = NO;
				CLANG_CXX_LANGUAGE_STANDARD = "gnu++0x";
				CLANG_CXX_LIBRARY = "libc++";
				CLANG_ENABLE_MODULES = YES;
				CLANG_ENABLE_OBJC_ARC = YES;
				CLANG_WARN_BOOL_CONVERSION = YES;
				CLANG_WARN_CONSTANT_CONVERSION = YES;
				CLANG_WARN_DIRECT_OBJC_ISA_USAGE = YES_ERROR;
				CLANG_WARN_EMPTY_BODY = YES;
				CLANG_WARN_ENUM_CONVERSION = YES;
				CLANG_WARN_INT_CONVERSION = YES;
				CLANG_WARN_OBJC_ROOT_CLASS = YES_ERROR;
				CLANG_WARN_UNREACHABLE_CODE = YES;
				CLANG_WARN__DUPLICATE_METHOD_MATCH = YES;
				"CODE_SIGN_IDENTITY[sdk=iphoneos*]" = "iPhone Developer";
				COPY_PHASE_STRIP = NO;
				DEBUG_INFORMATION_FORMAT = "dwarf-with-dsym";
				ENABLE_NS_ASSERTIONS = NO;
				ENABLE_STRICT_OBJC_MSGSEND = YES;
				GCC_C_LANGUAGE_STANDARD = gnu99;
				GCC_NO_COMMON_BLOCKS = YES;
				GCC_WARN_64_TO_32_BIT_CONVERSION = YES;
				GCC_WARN_ABOUT_RETURN_TYPE = YES_ERROR;
				GCC_WARN_UNDECLARED_SELECTOR = YES;
				GCC_WARN_UNINITIALIZED_AUTOS = YES_AGGRESSIVE;
				GCC_WARN_UNUSED_FUNCTION = YES;
				GCC_WARN_UNUSED_VARIABLE = YES;
				IPHONEOS_DEPLOYMENT_TARGET = 7.0;
				MTL_ENABLE_DEBUG_INFO = NO;
				SDKROOT = iphoneos;
				VALIDATE_PRODUCT = YES;
			};
			name = Release;
		};
		DF53E32D1B67389E00738E06 /* Debug */ = {
			isa = XCBuildConfiguration;
			buildSettings = {
				ASSETCATALOG_COMPILER_APPICON_NAME = AppIcon;
				ASSETCATALOG_COMPILER_LAUNCHIMAGE_NAME = LaunchImage;
				INFOPLIST_FILE = "Wechat-OAuth/Info.plist";
				IPHONEOS_DEPLOYMENT_TARGET = 7.0;
				LD_RUNPATH_SEARCH_PATHS = "$(inherited) @executable_path/Frameworks";
				LIBRARY_SEARCH_PATHS = (
					"$(inherited)",
					"$(PROJECT_DIR)/SDKExport",
				);
				PRODUCT_NAME = "$(TARGET_NAME)";
			};
			name = Debug;
		};
		DF53E32E1B67389E00738E06 /* Release */ = {
			isa = XCBuildConfiguration;
			buildSettings = {
				ASSETCATALOG_COMPILER_APPICON_NAME = AppIcon;
				ASSETCATALOG_COMPILER_LAUNCHIMAGE_NAME = LaunchImage;
				INFOPLIST_FILE = "Wechat-OAuth/Info.plist";
				IPHONEOS_DEPLOYMENT_TARGET = 7.0;
				LD_RUNPATH_SEARCH_PATHS = "$(inherited) @executable_path/Frameworks";
				LIBRARY_SEARCH_PATHS = (
					"$(inherited)",
					"$(PROJECT_DIR)/SDKExport",
				);
				PRODUCT_NAME = "$(TARGET_NAME)";
			};
			name = Release;
		};
		DF53E3301B67389E00738E06 /* Debug */ = {
			isa = XCBuildConfiguration;
			buildSettings = {
				BUNDLE_LOADER = "$(TEST_HOST)";
				FRAMEWORK_SEARCH_PATHS = (
					"$(SDKROOT)/Developer/Library/Frameworks",
					"$(inherited)",
				);
				GCC_PREPROCESSOR_DEFINITIONS = (
					"DEBUG=1",
					"$(inherited)",
				);
				INFOPLIST_FILE = "Wechat-OAuthTests/Info.plist";
				LD_RUNPATH_SEARCH_PATHS = "$(inherited) @executable_path/Frameworks @loader_path/Frameworks";
				PRODUCT_NAME = "$(TARGET_NAME)";
				TEST_HOST = "$(BUILT_PRODUCTS_DIR)/Wechat-OAuth.app/Wechat-OAuth";
			};
			name = Debug;
		};
		DF53E3311B67389E00738E06 /* Release */ = {
			isa = XCBuildConfiguration;
			buildSettings = {
				BUNDLE_LOADER = "$(TEST_HOST)";
				FRAMEWORK_SEARCH_PATHS = (
					"$(SDKROOT)/Developer/Library/Frameworks",
					"$(inherited)",
				);
				INFOPLIST_FILE = "Wechat-OAuthTests/Info.plist";
				LD_RUNPATH_SEARCH_PATHS = "$(inherited) @executable_path/Frameworks @loader_path/Frameworks";
				PRODUCT_NAME = "$(TARGET_NAME)";
				TEST_HOST = "$(BUILT_PRODUCTS_DIR)/Wechat-OAuth.app/Wechat-OAuth";
			};
			name = Release;
		};
/* End XCBuildConfiguration section */

/* Begin XCConfigurationList section */
		DF53E3041B67389E00738E06 /* Build configuration list for PBXProject "Wechat-OAuth" */ = {
			isa = XCConfigurationList;
			buildConfigurations = (
				DF53E32A1B67389E00738E06 /* Debug */,
				DF53E32B1B67389E00738E06 /* Release */,
			);
			defaultConfigurationIsVisible = 0;
			defaultConfigurationName = Release;
		};
		DF53E32C1B67389E00738E06 /* Build configuration list for PBXNativeTarget "Wechat-OAuth" */ = {
			isa = XCConfigurationList;
			buildConfigurations = (
				DF53E32D1B67389E00738E06 /* Debug */,
				DF53E32E1B67389E00738E06 /* Release */,
			);
			defaultConfigurationIsVisible = 0;
			defaultConfigurationName = Release;
		};
		DF53E32F1B67389E00738E06 /* Build configuration list for PBXNativeTarget "Wechat-OAuthTests" */ = {
			isa = XCConfigurationList;
			buildConfigurations = (
				DF53E3301B67389E00738E06 /* Debug */,
				DF53E3311B67389E00738E06 /* Release */,
			);
			defaultConfigurationIsVisible = 0;
			defaultConfigurationName = Release;
		};
/* End XCConfigurationList section */
	};
	rootObject = DF53E3011B67389E00738E06 /* Project object */;
}
